
Microsoft Visual Studio Solution File, Format Version 12.00
# Visual Studio Version 17
VisualStudioVersion = 17.9.34723.18
MinimumVisualStudioVersion = 10.0.40219.1
Project("{FAE04EC0-301F-11D3-BF4B-00C04F79EFBC}") = "tpmodul10_1302220079", "tpmodul10_1302220079\tpmodul10_1302220079.csproj", "{11FE1085-7575-4E82-971E-FD2A3D3F6A03}"
EndProject
Global
	GlobalSection(SolutionConfigurationPlatforms) = preSolution
		Debug|Any CPU = Debug|Any CPU
		Release|Any CPU = Release|Any CPU
	EndGlobalSection
	GlobalSection(ProjectConfigurationPlatforms) = postSolution
		{11FE1085-7575-4E82-971E-FD2A3D3F6A03}.Debug|Any CPU.ActiveCfg = Debug|Any CPU
		{11FE1085-7575-4E82-971E-FD2A3D3F6A03}.Debug|Any CPU.Build.0 = Debug|Any CPU
		{11FE1085-7575-4E82-971E-FD2A3D3F6A03}.Release|Any CPU.ActiveCfg = Release|Any CPU
		{11FE1085-7575-4E82-971E-FD2A3D3F6A03}.Release|Any CPU.Build.0 = Release|Any CPU
	EndGlobalSection
	GlobalSection(SolutionProperties) = preSolution
		HideSolutionNode = FALSE
	EndGlobalSection
	GlobalSection(ExtensibilityGlobals) = postSolution
		SolutionGuid = {72DAF6DC-D3AC-4427-A4EC-B0BC6F9C2295}
	EndGlobalSection
EndGlobal
